PODS:
  - PhoneNumberKit (0.8.5):
    - PhoneNumberKit/PhoneNumberKitCore (= 0.8.5)
    - PhoneNumberKit/UIKit (= 0.8.5)
  - PhoneNumberKit/PhoneNumberKitCore (0.8.5)
  - PhoneNumberKit/UIKit (0.8.5):
    - PhoneNumberKit/PhoneNumberKitCore

DEPENDENCIES:
  - PhoneNumberKit (~> 0.8)

SPEC CHECKSUMS:
  PhoneNumberKit: 5668a7af19d2e566d92831a632ee80f5047eff75

PODFILE CHECKSUM: 59783388864300c0fbd4fb2033c8f19025b63d60

COCOAPODS: 1.0.1
